// !$*UTF8*$!
{
	archiveVersion = 1;
	classes = {
	};
	objectVersion = 46;
	objects = {

/* Begin PBXBuildFile section */
		3D0DDA87208442BA00B729AC /* LogInController.swift in Sources */ = {isa = PBXBuildFile; fileRef = 3D0DDA86208442BA00B729AC /* LogInController.swift */; };
		4E2447BB208959A500445268 /* Registration.swift in Sources */ = {isa = PBXBuildFile; fileRef = 4E2447BA208959A500445268 /* Registration.swift */; };
		4E264AFF2084377C00AB610D /* AppDelegate.swift in Sources */ = {isa = PBXBuildFile; fileRef = 4E264AFE2084377C00AB610D /* AppDelegate.swift */; };
		4E264B012084377C00AB610D /* AlarmSelectionController.swift in Sources */ = {isa = PBXBuildFile; fileRef = 4E264B002084377C00AB610D /* AlarmSelectionController.swift */; };
		4E264B042084377C00AB610D /* Main.storyboard in Resources */ = {isa = PBXBuildFile; fileRef = 4E264B022084377C00AB610D /* Main.storyboard */; };
		4E264B062084377C00AB610D /* Assets.xcassets in Resources */ = {isa = PBXBuildFile; fileRef = 4E264B052084377C00AB610D /* Assets.xcassets */; };
		4E264B092084377C00AB610D /* LaunchScreen.storyboard in Resources */ = {isa = PBXBuildFile; fileRef = 4E264B072084377C00AB610D /* LaunchScreen.storyboard */; };
		4E264B102084655100AB610D /* AlarmClock.png in Resources */ = {isa = PBXBuildFile; fileRef = 3D0DDA822084405700B729AC /* AlarmClock.png */; };
		4E264B12208465FA00AB610D /* AlarmHandler.swift in Sources */ = {isa = PBXBuildFile; fileRef = 4E264B11208465FA00AB610D /* AlarmHandler.swift */; };
		4E44B75D208546B100067F35 /* AlarmTableViewCell.swift in Sources */ = {isa = PBXBuildFile; fileRef = 4E44B75C208546B100067F35 /* AlarmTableViewCell.swift */; };
		4E44B75F2085498300067F35 /* Alarm.swift in Sources */ = {isa = PBXBuildFile; fileRef = 4E44B75E2085498300067F35 /* Alarm.swift */; };
		4E44B765208595BB00067F35 /* shakeHandler.swift in Sources */ = {isa = PBXBuildFile; fileRef = 4E44B764208595BB00067F35 /* shakeHandler.swift */; };
		4E600C69208EAC3D0035FC01 /* GoogleService-Info.plist in Resources */ = {isa = PBXBuildFile; fileRef = 4E600C67208EAB460035FC01 /* GoogleService-Info.plist */; };
		4E600C73208FFBCE0035FC01 /* tropical.mp3 in Resources */ = {isa = PBXBuildFile; fileRef = 4E600C72208FFBCE0035FC01 /* tropical.mp3 */; };
		4E600C75208FFBD40035FC01 /* nokia.mp3 in Resources */ = {isa = PBXBuildFile; fileRef = 4E600C74208FFBD40035FC01 /* nokia.mp3 */; };
		4E600C77208FFBDB0035FC01 /* fade.mp3 in Resources */ = {isa = PBXBuildFile; fileRef = 4E600C76208FFBDB0035FC01 /* fade.mp3 */; };
		4E600C79208FFBE10035FC01 /* classic.mp3 in Resources */ = {isa = PBXBuildFile; fileRef = 4E600C78208FFBE10035FC01 /* classic.mp3 */; };
		4E600C7D209000E10035FC01 /* SwipeAwakeLoad.png in Resources */ = {isa = PBXBuildFile; fileRef = 4E600C7C209000E10035FC01 /* SwipeAwakeLoad.png */; };
		4E9D07E7208846CB00F4B1BA /* SettingsController.swift in Sources */ = {isa = PBXBuildFile; fileRef = 4E9D07E6208846CB00F4B1BA /* SettingsController.swift */; };
		4ECC0D8F208AB45C0063E677 /* Utility.swift in Sources */ = {isa = PBXBuildFile; fileRef = 4ECC0D8E208AB45C0063E677 /* Utility.swift */; };
		4ECC0D91208D11120063E677 /* bts.mp3 in Resources */ = {isa = PBXBuildFile; fileRef = 4ECC0D90208D11110063E677 /* bts.mp3 */; };
		CF33C60FB5F4B4B134C1A249 /* Pods_SwipeAwake.framework in Frameworks */ = {isa = PBXBuildFile; fileRef = 103B67F6610857635852D880 /* Pods_SwipeAwake.framework */; };
/* End PBXBuildFile section */

/* Begin PBXFileReference section */
		103B67F6610857635852D880 /* Pods_SwipeAwake.framework */ = {isa = PBXFileReference; explicitFileType = wrapper.framework; includeInIndex = 0; path = Pods_SwipeAwake.framework; sourceTree = BUILT_PRODUCTS_DIR; };
		3D0DDA822084405700B729AC /* AlarmClock.png */ = {isa = PBXFileReference; lastKnownFileType = image.png; name = AlarmClock.png; path = SwipeAwake/AlarmClock.png; sourceTree = "<group>"; };
		3D0DDA842084410100B729AC /* AlarmClock.png */ = {isa = PBXFileReference; lastKnownFileType = image.png; path = AlarmClock.png; sourceTree = "<group>"; };
		3D0DDA86208442BA00B729AC /* LogInController.swift */ = {isa = PBXFileReference; lastKnownFileType = sourcecode.swift; path = LogInController.swift; sourceTree = "<group>"; };
		4E2447BA208959A500445268 /* Registration.swift */ = {isa = PBXFileReference; fileEncoding = 4; lastKnownFileType = sourcecode.swift; path = Registration.swift; sourceTree = "<group>"; };
		4E264AFB2084377C00AB610D /* SwipeAwake.app */ = {isa = PBXFileReference; explicitFileType = wrapper.application; includeInIndex = 0; path = SwipeAwake.app; sourceTree = BUILT_PRODUCTS_DIR; };
		4E264AFE2084377C00AB610D /* AppDelegate.swift */ = {isa = PBXFileReference; lastKnownFileType = sourcecode.swift; path = AppDelegate.swift; sourceTree = "<group>"; };
		4E264B002084377C00AB610D /* AlarmSelectionController.swift */ = {isa = PBXFileReference; lastKnownFileType = sourcecode.swift; path = AlarmSelectionController.swift; sourceTree = "<group>"; };
		4E264B032084377C00AB610D /* Base */ = {isa = PBXFileReference; lastKnownFileType = file.storyboard; name = Base; path = Base.lproj/Main.storyboard; sourceTree = "<group>"; };
		4E264B052084377C00AB610D /* Assets.xcassets */ = {isa = PBXFileReference; lastKnownFileType = folder.assetcatalog; path = Assets.xcassets; sourceTree = "<group>"; };
		4E264B082084377C00AB610D /* Base */ = {isa = PBXFileReference; lastKnownFileType = file.storyboard; name = Base; path = Base.lproj/LaunchScreen.storyboard; sourceTree = "<group>"; };
		4E264B0A2084377C00AB610D /* Info.plist */ = {isa = PBXFileReference; lastKnownFileType = text.plist.xml; path = Info.plist; sourceTree = "<group>"; };
		4E264B11208465FA00AB610D /* AlarmHandler.swift */ = {isa = PBXFileReference; fileEncoding = 4; lastKnownFileType = sourcecode.swift; path = AlarmHandler.swift; sourceTree = "<group>"; };
		4E44B75C208546B100067F35 /* AlarmTableViewCell.swift */ = {isa = PBXFileReference; fileEncoding = 4; lastKnownFileType = sourcecode.swift; path = AlarmTableViewCell.swift; sourceTree = "<group>"; };
		4E44B75E2085498300067F35 /* Alarm.swift */ = {isa = PBXFileReference; fileEncoding = 4; lastKnownFileType = sourcecode.swift; path = Alarm.swift; sourceTree = "<group>"; };
		4E44B764208595BB00067F35 /* shakeHandler.swift */ = {isa = PBXFileReference; fileEncoding = 4; lastKnownFileType = sourcecode.swift; path = shakeHandler.swift; sourceTree = "<group>"; };
		4E600C67208EAB460035FC01 /* GoogleService-Info.plist */ = {isa = PBXFileReference; fileEncoding = 4; lastKnownFileType = text.plist.xml; name = "GoogleService-Info.plist"; path = "../../GoogleService-Info.plist"; sourceTree = "<group>"; };
		4E600C72208FFBCE0035FC01 /* tropical.mp3 */ = {isa = PBXFileReference; lastKnownFileType = audio.mp3; path = tropical.mp3; sourceTree = "<group>"; };
		4E600C74208FFBD40035FC01 /* nokia.mp3 */ = {isa = PBXFileReference; lastKnownFileType = audio.mp3; path = nokia.mp3; sourceTree = "<group>"; };
		4E600C76208FFBDB0035FC01 /* fade.mp3 */ = {isa = PBXFileReference; lastKnownFileType = audio.mp3; path = fade.mp3; sourceTree = "<group>"; };
		4E600C78208FFBE10035FC01 /* classic.mp3 */ = {isa = PBXFileReference; lastKnownFileType = audio.mp3; path = classic.mp3; sourceTree = "<group>"; };
		4E600C7C209000E10035FC01 /* SwipeAwakeLoad.png */ = {isa = PBXFileReference; lastKnownFileType = image.png; name = SwipeAwakeLoad.png; path = SwipeAwake/SwipeAwakeLoad.png; sourceTree = "<group>"; };
		4E9D07E6208846CB00F4B1BA /* SettingsController.swift */ = {isa = PBXFileReference; fileEncoding = 4; lastKnownFileType = sourcecode.swift; path = SettingsController.swift; sourceTree = "<group>"; };
		4ECC0D8B208A93E40063E677 /* Bridging-Header.h */ = {isa = PBXFileReference; lastKnownFileType = sourcecode.c.h; path = "Bridging-Header.h"; sourceTree = "<group>"; };
		4ECC0D8E208AB45C0063E677 /* Utility.swift */ = {isa = PBXFileReference; fileEncoding = 4; lastKnownFileType = sourcecode.swift; path = Utility.swift; sourceTree = "<group>"; };
		4ECC0D90208D11110063E677 /* bts.mp3 */ = {isa = PBXFileReference; lastKnownFileType = audio.mp3; name = bts.mp3; path = ../../../Downloads/bts.mp3; sourceTree = "<group>"; };
		5C3215489B44DF2DA2CA4F5A /* Pods-SwipeAwake.release.xcconfig */ = {isa = PBXFileReference; includeInIndex = 1; lastKnownFileType = text.xcconfig; name = "Pods-SwipeAwake.release.xcconfig"; path = "Pods/Target Support Files/Pods-SwipeAwake/Pods-SwipeAwake.release.xcconfig"; sourceTree = "<group>"; };
		D95189A207CED9DC182C6016 /* Pods-SwipeAwake.debug.xcconfig */ = {isa = PBXFileReference; includeInIndex = 1; lastKnownFileType = text.xcconfig; name = "Pods-SwipeAwake.debug.xcconfig"; path = "Pods/Target Support Files/Pods-SwipeAwake/Pods-SwipeAwake.debug.xcconfig"; sourceTree = "<group>"; };
/* End PBXFileReference section */

/* Begin PBXFrameworksBuildPhase section */
		4E264AF82084377B00AB610D /* Frameworks */ = {
			isa = PBXFrameworksBuildPhase;
			buildActionMask = 2147483647;
			files = (
				CF33C60FB5F4B4B134C1A249 /* Pods_SwipeAwake.framework in Frameworks */,
			);
			runOnlyForDeploymentPostprocessing = 0;
		};
/* End PBXFrameworksBuildPhase section */

/* Begin PBXGroup section */
		0BCEAFEA191640A0689738A7 /* Frameworks */ = {
			isa = PBXGroup;
			children = (
				103B67F6610857635852D880 /* Pods_SwipeAwake.framework */,
			);
			name = Frameworks;
			sourceTree = "<group>";
		};
		4E264AF22084377B00AB610D = {
			isa = PBXGroup;
			children = (
				4E600C7C209000E10035FC01 /* SwipeAwakeLoad.png */,
				3D0DDA822084405700B729AC /* AlarmClock.png */,
				4E264AFD2084377C00AB610D /* SwipeAwake */,
				4E264AFC2084377C00AB610D /* Products */,
				EBE17C041910E5A06395A054 /* Pods */,
				0BCEAFEA191640A0689738A7 /* Frameworks */,
			);
			sourceTree = "<group>";
		};
		4E264AFC2084377C00AB610D /* Products */ = {
			isa = PBXGroup;
			children = (
				4E264AFB2084377C00AB610D /* SwipeAwake.app */,
			);
			name = Products;
			sourceTree = "<group>";
		};
		4E264AFD2084377C00AB610D /* SwipeAwake */ = {
			isa = PBXGroup;
			children = (
				4E600C78208FFBE10035FC01 /* classic.mp3 */,
				4E600C76208FFBDB0035FC01 /* fade.mp3 */,
				4E600C74208FFBD40035FC01 /* nokia.mp3 */,
				4E600C72208FFBCE0035FC01 /* tropical.mp3 */,
				4E600C67208EAB460035FC01 /* GoogleService-Info.plist */,
				4ECC0D90208D11110063E677 /* bts.mp3 */,
				4E264AFE2084377C00AB610D /* AppDelegate.swift */,
				3D0DDA842084410100B729AC /* AlarmClock.png */,
				4E264B002084377C00AB610D /* AlarmSelectionController.swift */,
				4E264B022084377C00AB610D /* Main.storyboard */,
				4E264B052084377C00AB610D /* Assets.xcassets */,
				4E264B072084377C00AB610D /* LaunchScreen.storyboard */,
				4E264B0A2084377C00AB610D /* Info.plist */,
				3D0DDA86208442BA00B729AC /* LogInController.swift */,
				4E264B11208465FA00AB610D /* AlarmHandler.swift */,
				4E44B75C208546B100067F35 /* AlarmTableViewCell.swift */,
				4E44B75E2085498300067F35 /* Alarm.swift */,
				4E44B764208595BB00067F35 /* shakeHandler.swift */,
				4E9D07E6208846CB00F4B1BA /* SettingsController.swift */,
				4E2447BA208959A500445268 /* Registration.swift */,
				4ECC0D8B208A93E40063E677 /* Bridging-Header.h */,
				4ECC0D8E208AB45C0063E677 /* Utility.swift */,
			);
			path = SwipeAwake;
			sourceTree = "<group>";
		};
		EBE17C041910E5A06395A054 /* Pods */ = {
			isa = PBXGroup;
			children = (
				D95189A207CED9DC182C6016 /* Pods-SwipeAwake.debug.xcconfig */,
				5C3215489B44DF2DA2CA4F5A /* Pods-SwipeAwake.release.xcconfig */,
			);
			name = Pods;
			sourceTree = "<group>";
		};
/* End PBXGroup section */

/* Begin PBXNativeTarget section */
		4E264AFA2084377B00AB610D /* SwipeAwake */ = {
			isa = PBXNativeTarget;
			buildConfigurationList = 4E264B0D2084377C00AB610D /* Build configuration list for PBXNativeTarget "SwipeAwake" */;
			buildPhases = (
				294AA6447E94259660580699 /* [CP] Check Pods Manifest.lock */,
				4E264AF72084377B00AB610D /* Sources */,
				4E264AF82084377B00AB610D /* Frameworks */,
				4E264AF92084377B00AB610D /* Resources */,
				74398F1110AD474481203A3F /* [CP] Embed Pods Frameworks */,
				12E1426DA9A3A9414A26F49A /* [CP] Copy Pods Resources */,
			);
			buildRules = (
			);
			dependencies = (
			);
			name = SwipeAwake;
			productName = SwipeAwake;
			productReference = 4E264AFB2084377C00AB610D /* SwipeAwake.app */;
			productType = "com.apple.product-type.application";
		};
/* End PBXNativeTarget section */

/* Begin PBXProject section */
		4E264AF32084377B00AB610D /* Project object */ = {
			isa = PBXProject;
			attributes = {
				LastSwiftUpdateCheck = 0820;
				LastUpgradeCheck = 0820;
				ORGANIZATIONNAME = "Andrew Smith";
				TargetAttributes = {
					4E264AFA2084377B00AB610D = {
						CreatedOnToolsVersion = 8.2.1;
						DevelopmentTeam = CG7QWT9265;
						ProvisioningStyle = Automatic;
					};
				};
			};
			buildConfigurationList = 4E264AF62084377B00AB610D /* Build configuration list for PBXProject "SwipeAwake" */;
			compatibilityVersion = "Xcode 3.2";
			developmentRegion = English;
			hasScannedForEncodings = 0;
			knownRegions = (
				en,
				Base,
			);
			mainGroup = 4E264AF22084377B00AB610D;
			productRefGroup = 4E264AFC2084377C00AB610D /* Products */;
			projectDirPath = "";
			projectRoot = "";
			targets = (
				4E264AFA2084377B00AB610D /* SwipeAwake */,
			);
		};
/* End PBXProject section */

/* Begin PBXResourcesBuildPhase section */
		4E264AF92084377B00AB610D /* Resources */ = {
			isa = PBXResourcesBuildPhase;
			buildActionMask = 2147483647;
			files = (
				4E264B102084655100AB610D /* AlarmClock.png in Resources */,
				4E600C75208FFBD40035FC01 /* nokia.mp3 in Resources */,
				4E600C77208FFBDB0035FC01 /* fade.mp3 in Resources */,
				4E600C79208FFBE10035FC01 /* classic.mp3 in Resources */,
				4E264B092084377C00AB610D /* LaunchScreen.storyboard in Resources */,
				4E264B062084377C00AB610D /* Assets.xcassets in Resources */,
				4E264B042084377C00AB610D /* Main.storyboard in Resources */,
				4E600C69208EAC3D0035FC01 /* GoogleService-Info.plist in Resources */,
				4E600C73208FFBCE0035FC01 /* tropical.mp3 in Resources */,
				4E600C7D209000E10035FC01 /* SwipeAwakeLoad.png in Resources */,
				4ECC0D91208D11120063E677 /* bts.mp3 in Resources */,
			);
			runOnlyForDeploymentPostprocessing = 0;
		};
/* End PBXResourcesBuildPhase section */

/* Begin PBXShellScriptBuildPhase section */
		12E1426DA9A3A9414A26F49A /* [CP] Copy Pods Resources */ = {
			isa = PBXShellScriptBuildPhase;
			buildActionMask = 2147483647;
			files = (
			);
			inputPaths = (
			);
			name = "[CP] Copy Pods Resources";
			outputPaths = (
			);
			runOnlyForDeploymentPostprocessing = 0;
			shellPath = /bin/sh;
			shellScript = "\"${SRCROOT}/Pods/Target Support Files/Pods-SwipeAwake/Pods-SwipeAwake-resources.sh\"\n";
			showEnvVarsInLog = 0;
		};
		294AA6447E94259660580699 /* [CP] Check Pods Manifest.lock */ = {
			isa = PBXShellScriptBuildPhase;
			buildActionMask = 2147483647;
			files = (
			);
			inputPaths = (
				"${PODS_PODFILE_DIR_PATH}/Podfile.lock",
				"${PODS_ROOT}/Manifest.lock",
			);
			name = "[CP] Check Pods Manifest.lock";
			outputPaths = (
				"$(DERIVED_FILE_DIR)/Pods-SwipeAwake-checkManifestLockResult.txt",
			);
			runOnlyForDeploymentPostprocessing = 0;
			shellPath = /bin/sh;
			shellScript = "diff \"${PODS_PODFILE_DIR_PATH}/Podfile.lock\" \"${PODS_ROOT}/Manifest.lock\" > /dev/null\nif [ $? != 0 ] ; then\n    # print error to STDERR\n    echo \"error: The sandbox is not in sync with the Podfile.lock. Run 'pod install' or update your CocoaPods installation.\" >&2\n    exit 1\nfi\n# This output is used by Xcode 'outputs' to avoid re-running this script phase.\necho \"SUCCESS\" > \"${SCRIPT_OUTPUT_FILE_0}\"\n";
			showEnvVarsInLog = 0;
		};
		74398F1110AD474481203A3F /* [CP] Embed Pods Frameworks */ = {
			isa = PBXShellScriptBuildPhase;
			buildActionMask = 2147483647;
			files = (
			);
			inputPaths = (
				"${SRCROOT}/Pods/Target Support Files/Pods-SwipeAwake/Pods-SwipeAwake-frameworks.sh",
				"${BUILT_PRODUCTS_DIR}/GoogleToolboxForMac/GoogleToolboxForMac.framework",
				"${BUILT_PRODUCTS_DIR}/leveldb-library/leveldb.framework",
				"${BUILT_PRODUCTS_DIR}/nanopb/nanopb.framework",
			);
			name = "[CP] Embed Pods Frameworks";
			outputPaths = (
				"${TARGET_BUILD_DIR}/${FRAMEWORKS_FOLDER_PATH}/GoogleToolboxForMac.framework",
				"${TARGET_BUILD_DIR}/${FRAMEWORKS_FOLDER_PATH}/leveldb.framework",
				"${TARGET_BUILD_DIR}/${FRAMEWORKS_FOLDER_PATH}/nanopb.framework",
			);
			runOnlyForDeploymentPostprocessing = 0;
			shellPath = /bin/sh;
			shellScript = "\"${SRCROOT}/Pods/Target Support Files/Pods-SwipeAwake/Pods-SwipeAwake-frameworks.sh\"\n";
			showEnvVarsInLog = 0;
		};
/* End PBXShellScriptBuildPhase section */

/* Begin PBXSourcesBuildPhase section */
		4E264AF72084377B00AB610D /* Sources */ = {
			isa = PBXSourcesBuildPhase;
			buildActionMask = 2147483647;
			files = (
				4ECC0D8F208AB45C0063E677 /* Utility.swift in Sources */,
				4E9D07E7208846CB00F4B1BA /* SettingsController.swift in Sources */,
				4E44B75D208546B100067F35 /* AlarmTableViewCell.swift in Sources */,
				4E264B12208465FA00AB610D /* AlarmHandler.swift in Sources */,
				4E264B012084377C00AB610D /* AlarmSelectionController.swift in Sources */,
				3D0DDA87208442BA00B729AC /* LogInController.swift in Sources */,
				4E264AFF2084377C00AB610D /* AppDelegate.swift in Sources */,
				4E2447BB208959A500445268 /* Registration.swift in Sources */,
				4E44B75F2085498300067F35 /* Alarm.swift in Sources */,
				4E44B765208595BB00067F35 /* shakeHandler.swift in Sources */,
			);
			runOnlyForDeploymentPostprocessing = 0;
		};
/* End PBXSourcesBuildPhase section */

/* Begin PBXVariantGroup section */
		4E264B022084377C00AB610D /* Main.storyboard */ = {
			isa = PBXVariantGroup;
			children = (
				4E264B032084377C00AB610D /* Base */,
			);
			name = Main.storyboard;
			sourceTree = "<group>";
		};
		4E264B072084377C00AB610D /* LaunchScreen.storyboard */ = {
			isa = PBXVariantGroup;
			children = (
				4E264B082084377C00AB610D /* Base */,
			);
			name = LaunchScreen.storyboard;
			sourceTree = "<group>";
		};
/* End PBXVariantGroup section */

/* Begin XCBuildConfiguration section */
		4E264B0B2084377C00AB610D /* Debug */ = {
			isa = XCBuildConfiguration;
			buildSettings = {
				ALWAYS_SEARCH_USER_PATHS = NO;
				CLANG_ANALYZER_NONNULL = YES;
				CLANG_CXX_LANGUAGE_STANDARD = "gnu++0x";
				CLANG_CXX_LIBRARY = "libc++";
				CLANG_ENABLE_MODULES = YES;
				CLANG_ENABLE_OBJC_ARC = YES;
				CLANG_WARN_BOOL_CONVERSION = YES;
				CLANG_WARN_CONSTANT_CONVERSION = YES;
				CLANG_WARN_DIRECT_OBJC_ISA_USAGE = YES_ERROR;
				CLANG_WARN_DOCUMENTATION_COMMENTS = YES;
				CLANG_WARN_EMPTY_BODY = YES;
				CLANG_WARN_ENUM_CONVERSION = YES;
				CLANG_WARN_INFINITE_RECURSION = YES;
				CLANG_WARN_INT_CONVERSION = YES;
				CLANG_WARN_OBJC_ROOT_CLASS = YES_ERROR;
				CLANG_WARN_SUSPICIOUS_MOVE = YES;
				CLANG_WARN_UNREACHABLE_CODE = YES;
				CLANG_WARN__DUPLICATE_METHOD_MATCH = YES;
				"CODE_SIGN_IDENTITY[sdk=iphoneos*]" = "iPhone Developer";
				COPY_PHASE_STRIP = NO;
				DEBUG_INFORMATION_FORMAT = dwarf;
				ENABLE_STRICT_OBJC_MSGSEND = YES;
				ENABLE_TESTABILITY = YES;
				GCC_C_LANGUAGE_STANDARD = gnu99;
				GCC_DYNAMIC_NO_PIC = NO;
				GCC_NO_COMMON_BLOCKS = YES;
				GCC_OPTIMIZATION_LEVEL = 0;
				GCC_PREPROCESSOR_DEFINITIONS = (
					"DEBUG=1",
					"$(inherited)",
				);
				GCC_WARN_64_TO_32_BIT_CONVERSION = YES;
				GCC_WARN_ABOUT_RETURN_TYPE = YES_ERROR;
				GCC_WARN_UNDECLARED_SELECTOR = YES;
				GCC_WARN_UNINITIALIZED_AUTOS = YES_AGGRESSIVE;
				GCC_WARN_UNUSED_FUNCTION = YES;
				GCC_WARN_UNUSED_VARIABLE = YES;
				IPHONEOS_DEPLOYMENT_TARGET = 10.2;
				MTL_ENABLE_DEBUG_INFO = YES;
				ONLY_ACTIVE_ARCH = YES;
				SDKROOT = iphoneos;
				SWIFT_ACTIVE_COMPILATION_CONDITIONS = DEBUG;
				SWIFT_OPTIMIZATION_LEVEL = "-Onone";
				TARGETED_DEVICE_FAMILY = "1,2";
			};
			name = Debug;
		};
		4E264B0C2084377C00AB610D /* Release */ = {
			isa = XCBuildConfiguration;
			buildSettings = {
				ALWAYS_SEARCH_USER_PATHS = NO;
				CLANG_ANALYZER_NONNULL = YES;
				CLANG_CXX_LANGUAGE_STANDARD = "gnu++0x";
				CLANG_CXX_LIBRARY = "libc++";
				CLANG_ENABLE_MODULES = YES;
				CLANG_ENABLE_OBJC_ARC = YES;
				CLANG_WARN_BOOL_CONVERSION = YES;
				CLANG_WARN_CONSTANT_CONVERSION = YES;
				CLANG_WARN_DIRECT_OBJC_ISA_USAGE = YES_ERROR;
				CLANG_WARN_DOCUMENTATION_COMMENTS = YES;
				CLANG_WARN_EMPTY_BODY = YES;
				CLANG_WARN_ENUM_CONVERSION = YES;
				CLANG_WARN_INFINITE_RECURSION = YES;
				CLANG_WARN_INT_CONVERSION = YES;
				CLANG_WARN_OBJC_ROOT_CLASS = YES_ERROR;
				CLANG_WARN_SUSPICIOUS_MOVE = YES;
				CLANG_WARN_UNREACHABLE_CODE = YES;
				CLANG_WARN__DUPLICATE_METHOD_MATCH = YES;
				"CODE_SIGN_IDENTITY[sdk=iphoneos*]" = "iPhone Developer";
				COPY_PHASE_STRIP = NO;
				DEBUG_INFORMATION_FORMAT = "dwarf-with-dsym";
				ENABLE_NS_ASSERTIONS = NO;
				ENABLE_STRICT_OBJC_MSGSEND = YES;
				GCC_C_LANGUAGE_STANDARD = gnu99;
				GCC_NO_COMMON_BLOCKS = YES;
				GCC_WARN_64_TO_32_BIT_CONVERSION = YES;
				GCC_WARN_ABOUT_RETURN_TYPE = YES_ERROR;
				GCC_WARN_UNDECLARED_SELECTOR = YES;
				GCC_WARN_UNINITIALIZED_AUTOS = YES_AGGRESSIVE;
				GCC_WARN_UNUSED_FUNCTION = YES;
				GCC_WARN_UNUSED_VARIABLE = YES;
				IPHONEOS_DEPLOYMENT_TARGET = 10.2;
				MTL_ENABLE_DEBUG_INFO = NO;
				SDKROOT = iphoneos;
				SWIFT_OPTIMIZATION_LEVEL = "-Owholemodule";
				TARGETED_DEVICE_FAMILY = "1,2";
				VALIDATE_PRODUCT = YES;
			};
			name = Release;
		};
		4E264B0E2084377C00AB610D /* Debug */ = {
			isa = XCBuildConfiguration;
			baseConfigurationReference = D95189A207CED9DC182C6016 /* Pods-SwipeAwake.debug.xcconfig */;
			buildSettings = {
				ASSETCATALOG_COMPILER_APPICON_NAME = AppIcon;
				ASSETCATALOG_COMPILER_LAUNCHIMAGE_NAME = LaunchImage;
				DEVELOPMENT_TEAM = CG7QWT9265;
				FRAMEWORK_SEARCH_PATHS = "$(inherited)";
				INFOPLIST_FILE = SwipeAwake/Info.plist;
				LD_RUNPATH_SEARCH_PATHS = "$(inherited) @executable_path/Frameworks";
				PRODUCT_BUNDLE_IDENTIFIER = als5ev.SwipeAwake;
				PRODUCT_NAME = "$(TARGET_NAME)";
				SWIFT_OBJC_BRIDGING_HEADER = "SwipeAwake/Bridging-Header.h";
				SWIFT_VERSION = 3.0;
			};
			name = Debug;
		};
		4E264B0F2084377C00AB610D /* Release */ = {
			isa = XCBuildConfiguration;
			baseConfigurationReference = 5C3215489B44DF2DA2CA4F5A /* Pods-SwipeAwake.release.xcconfig */;
			buildSettings = {
				ASSETCATALOG_COMPILER_APPICON_NAME = AppIcon;
				ASSETCATALOG_COMPILER_LAUNCHIMAGE_NAME = LaunchImage;
				DEVELOPMENT_TEAM = CG7QWT9265;
				FRAMEWORK_SEARCH_PATHS = "$(inherited)";
				INFOPLIST_FILE = SwipeAwake/Info.plist;
				LD_RUNPATH_SEARCH_PATHS = "$(inherited) @executable_path/Frameworks";
				PRODUCT_BUNDLE_IDENTIFIER = als5ev.SwipeAwake;
				PRODUCT_NAME = "$(TARGET_NAME)";
				SWIFT_OBJC_BRIDGING_HEADER = "SwipeAwake/Bridging-Header.h";
				SWIFT_VERSION = 3.0;
			};
			name = Release;
		};
/* End XCBuildConfiguration section */

/* Begin XCConfigurationList section */
		4E264AF62084377B00AB610D /* Build configuration list for PBXProject "SwipeAwake" */ = {
			isa = XCConfigurationList;
			buildConfigurations = (
				4E264B0B2084377C00AB610D /* Debug */,
				4E264B0C2084377C00AB610D /* Release */,
			);
			defaultConfigurationIsVisible = 0;
			defaultConfigurationName = Release;
		};
		4E264B0D2084377C00AB610D /* Build configuration list for PBXNativeTarget "SwipeAwake" */ = {
			isa = XCConfigurationList;
			buildConfigurations = (
				4E264B0E2084377C00AB610D /* Debug */,
				4E264B0F2084377C00AB610D /* Release */,
			);
			defaultConfigurationIsVisible = 0;
			defaultConfigurationName = Release;
		};
/* End XCConfigurationList section */
	};
	rootObject = 4E264AF32084377B00AB610D /* Project object */;
}
